{
    "_meta": {
        "hash": {
            "sha256": "79262e2089236083161ce252e00367f2983e76022a676b725faa09b3c000975c"
        },
        "pipfile-spec": 6,
        "requires": {
            "python_version": "3.7"
        },
        "sources": [
            {
                "name": "pypi",
                "url": "https://pypi.org/simple",
                "verify_ssl": true
            }
        ]
    },
    "default": {
        "colorama": {
            "hashes": [
                "sha256:7d73d2a99753107a36ac6b455ee49046802e59d9d076ef8e47b61499fa29afff",
                "sha256:e96da0d330793e2cb9485e9ddfd918d456036c7149416295932478192f4436a1"
            ],
            "index": "pypi",
            "version": "==0.4.3"
        },
        "dbus-python": {
            "hashes": [
                "sha256:11238f1d86c995d8aed2e22f04a1e3779f0d70e587caffeab4857f3c662ed5a4"
            ],
            "index": "pypi",
            "version": "==1.2.16"
        },
        "pycairo": {
            "hashes": [
                "sha256:4f5ba9374a46c98729dd3727d993f5e17ed0286fd6738ed464fe4efa0612d19c"
            ],
            "version": "==1.19.0"
        },
        "pygobject": {
            "hashes": [
                "sha256:2acb0daf2b3a23a90f52066cc23d1053339fee2f5f7f4275f8baa3704ae0c543"
            ],
            "index": "pypi",
            "version": "==3.34.0"
        }
    },
    "develop": {
        "altgraph": {
            "hashes": [
                "sha256:1f05a47122542f97028caf78775a095fbe6a2699b5089de8477eb583167d69aa",
                "sha256:c623e5f3408ca61d4016f23a681b9adb100802ca3e3da5e718915a9e4052cebe"
            ],
            "version": "==0.17"
        },
        "pyinstaller": {
            "hashes": [
                "sha256:3730fa80d088f8bb7084d32480eb87cbb4ddb64123363763cf8f2a1378c1c4b7"
            ],
            "index": "pypi",
            "version": "==3.6"
        }
    }
}
